
Microsoft Visual Studio Solution File, Format Version 12.00
# Visual Studio Version 17
VisualStudioVersion = 17.7.34031.279
MinimumVisualStudioVersion = 10.0.40219.1
Project("{9A19103F-16F7-4668-BE54-9A1E7A4F7556}") = "Array", "Array\Array.csproj", "{97EB5D63-2570-452D-9B91-CD7CE711F087}"
EndProject
Project("{9A19103F-16F7-4668-BE54-9A1E7A4F7556}") = "Array.Tests", "Array.Tests\Array.Tests.csproj", "{12742B2F-AC3F-4D7D-AF97-12FFA243CC4F}"
EndProject
Project("{9A19103F-16F7-4668-BE54-9A1E7A4F7556}") = "NUnit_Test", "NUnit_Test\NUnit_Test.csproj", "{E895535C-DFFA-4777-8949-FF8AED959EF4}"
EndProject
Project("{9A19103F-16F7-4668-BE54-9A1E7A4F7556}") = "LinkedList", "LinkedList\LinkedList.csproj", "{FEFABCD8-6C92-456C-87FB-C206CC66B056}"
EndProject
Project("{9A19103F-16F7-4668-BE54-9A1E7A4F7556}") = "LinkedList.Tests", "LinkedList.Tests\LinkedList.Tests.csproj", "{FD0B9C9F-E12F-4199-920F-C06FC28936BE}"
EndProject
Project("{2150E333-8FDC-42A3-9474-1A3956D46DE8}") = "Datastructures", "Datastructures", "{3594BFF3-8CFF-4D3C-A0B9-5BB500D88708}"
EndProject
Project("{2150E333-8FDC-42A3-9474-1A3956D46DE8}") = "Tests", "Tests", "{D7FCC38A-F9D6-4133-A116-D425F05F3641}"
EndProject
Project("{FAE04EC0-301F-11D3-BF4B-00C04F79EFBC}") = "Stack", "Stack\Stack.csproj", "{A7053C73-87AA-4488-8565-1ED5302D6F80}"
EndProject
Project("{FAE04EC0-301F-11D3-BF4B-00C04F79EFBC}") = "Stack.Tests", "Tests\Stack.Tests\Stack.Tests.csproj", "{36264B47-1F3C-4DA1-A1D1-C76D8B68DAB1}"
EndProject
Global
	GlobalSection(SolutionConfigurationPlatforms) = preSolution
		Debug|Any CPU = Debug|Any CPU
		Release|Any CPU = Release|Any CPU
	EndGlobalSection
	GlobalSection(ProjectConfigurationPlatforms) = postSolution
		{97EB5D63-2570-452D-9B91-CD7CE711F087}.Debug|Any CPU.ActiveCfg = Debug|Any CPU
		{97EB5D63-2570-452D-9B91-CD7CE711F087}.Debug|Any CPU.Build.0 = Debug|Any CPU
		{97EB5D63-2570-452D-9B91-CD7CE711F087}.Release|Any CPU.ActiveCfg = Release|Any CPU
		{97EB5D63-2570-452D-9B91-CD7CE711F087}.Release|Any CPU.Build.0 = Release|Any CPU
		{12742B2F-AC3F-4D7D-AF97-12FFA243CC4F}.Debug|Any CPU.ActiveCfg = Debug|Any CPU
		{12742B2F-AC3F-4D7D-AF97-12FFA243CC4F}.Debug|Any CPU.Build.0 = Debug|Any CPU
		{12742B2F-AC3F-4D7D-AF97-12FFA243CC4F}.Release|Any CPU.ActiveCfg = Release|Any CPU
		{12742B2F-AC3F-4D7D-AF97-12FFA243CC4F}.Release|Any CPU.Build.0 = Release|Any CPU
		{E895535C-DFFA-4777-8949-FF8AED959EF4}.Debug|Any CPU.ActiveCfg = Debug|Any CPU
		{E895535C-DFFA-4777-8949-FF8AED959EF4}.Debug|Any CPU.Build.0 = Debug|Any CPU
		{E895535C-DFFA-4777-8949-FF8AED959EF4}.Release|Any CPU.ActiveCfg = Release|Any CPU
		{E895535C-DFFA-4777-8949-FF8AED959EF4}.Release|Any CPU.Build.0 = Release|Any CPU
		{FEFABCD8-6C92-456C-87FB-C206CC66B056}.Debug|Any CPU.ActiveCfg = Debug|Any CPU
		{FEFABCD8-6C92-456C-87FB-C206CC66B056}.Debug|Any CPU.Build.0 = Debug|Any CPU
		{FEFABCD8-6C92-456C-87FB-C206CC66B056}.Release|Any CPU.ActiveCfg = Release|Any CPU
		{FEFABCD8-6C92-456C-87FB-C206CC66B056}.Release|Any CPU.Build.0 = Release|Any CPU
		{FD0B9C9F-E12F-4199-920F-C06FC28936BE}.Debug|Any CPU.ActiveCfg = Debug|Any CPU
		{FD0B9C9F-E12F-4199-920F-C06FC28936BE}.Debug|Any CPU.Build.0 = Debug|Any CPU
		{FD0B9C9F-E12F-4199-920F-C06FC28936BE}.Release|Any CPU.ActiveCfg = Release|Any CPU
		{FD0B9C9F-E12F-4199-920F-C06FC28936BE}.Release|Any CPU.Build.0 = Release|Any CPU
		{A7053C73-87AA-4488-8565-1ED5302D6F80}.Debug|Any CPU.ActiveCfg = Debug|Any CPU
		{A7053C73-87AA-4488-8565-1ED5302D6F80}.Debug|Any CPU.Build.0 = Debug|Any CPU
		{A7053C73-87AA-4488-8565-1ED5302D6F80}.Release|Any CPU.ActiveCfg = Release|Any CPU
		{A7053C73-87AA-4488-8565-1ED5302D6F80}.Release|Any CPU.Build.0 = Release|Any CPU
		{36264B47-1F3C-4DA1-A1D1-C76D8B68DAB1}.Debug|Any CPU.ActiveCfg = Debug|Any CPU
		{36264B47-1F3C-4DA1-A1D1-C76D8B68DAB1}.Debug|Any CPU.Build.0 = Debug|Any CPU
		{36264B47-1F3C-4DA1-A1D1-C76D8B68DAB1}.Release|Any CPU.ActiveCfg = Release|Any CPU
		{36264B47-1F3C-4DA1-A1D1-C76D8B68DAB1}.Release|Any CPU.Build.0 = Release|Any CPU
	EndGlobalSection
	GlobalSection(SolutionProperties) = preSolution
		HideSolutionNode = FALSE
	EndGlobalSection
	GlobalSection(NestedProjects) = preSolution
		{97EB5D63-2570-452D-9B91-CD7CE711F087} = {3594BFF3-8CFF-4D3C-A0B9-5BB500D88708}
		{12742B2F-AC3F-4D7D-AF97-12FFA243CC4F} = {D7FCC38A-F9D6-4133-A116-D425F05F3641}
		{E895535C-DFFA-4777-8949-FF8AED959EF4} = {D7FCC38A-F9D6-4133-A116-D425F05F3641}
		{FEFABCD8-6C92-456C-87FB-C206CC66B056} = {3594BFF3-8CFF-4D3C-A0B9-5BB500D88708}
		{FD0B9C9F-E12F-4199-920F-C06FC28936BE} = {D7FCC38A-F9D6-4133-A116-D425F05F3641}
		{A7053C73-87AA-4488-8565-1ED5302D6F80} = {3594BFF3-8CFF-4D3C-A0B9-5BB500D88708}
		{36264B47-1F3C-4DA1-A1D1-C76D8B68DAB1} = {D7FCC38A-F9D6-4133-A116-D425F05F3641}
	EndGlobalSection
	GlobalSection(ExtensibilityGlobals) = postSolution
		SolutionGuid = {EB1D3E68-2279-42F0-A0B7-C7C3551015CD}
	EndGlobalSection
EndGlobal
